<?xml version="1.0" encoding="UTF-8" standalone="yes" ?>
<CodeBlocks_project_file>
	<FileVersion major="1" minor="6" />
	<Project>
		<Option title="wondergui" />
		<Option pch_mode="2" />
		<Option compiler="gcc" />
		<Build>
			<Target title="Debug">
				<Option output="libwondergui" prefix_auto="1" extension_auto="1" />
				<Option working_dir="" />
				<Option object_output="obj/Debug/" />
				<Option type="2" />
				<Option compiler="gcc" />
				<Option createDefFile="1" />
				<Compiler>
					<Add option="-Wall" />
					<Add option="-g" />
				</Compiler>
			</Target>
			<Target title="Release">
				<Option output="libwondergui" prefix_auto="1" extension_auto="1" />
				<Option working_dir="" />
				<Option object_output="obj/Release/" />
				<Option type="2" />
				<Option compiler="gcc" />
				<Option createDefFile="1" />
				<Compiler>
					<Add option="-Wall" />
					<Add option="-O2" />
				</Compiler>
				<Linker>
					<Add option="-s" />
				</Linker>
			</Target>
		</Build>
		<Compiler>
			<Add directory="include" />
			<Add directory="/usr/include/freetype2" />
		</Compiler>
		<Unit filename="include/wg_anim.h" />
		<Unit filename="include/wg_base.h" />
		<Unit filename="include/wg_bitmapglyphs.h" />
		<Unit filename="include/wg_blockset.h" />
		<Unit filename="include/wg_chain.h" />
		<Unit filename="include/wg_char.h" />
		<Unit filename="include/wg_charbuffer.h" />
		<Unit filename="include/wg_charseq.h" />
		<Unit filename="include/wg_codepages.h" />
		<Unit filename="include/wg_color.h" />
		<Unit filename="include/wg_cursor.h" />
		<Unit filename="include/wg_cursorinstance.h" />
		<Unit filename="include/wg_dynarray.h" />
		<Unit filename="include/wg_emitter.h" />
		<Unit filename="include/wg_emitterstanza.h" />
		<Unit filename="include/wg_event.h" />
		<Unit filename="include/wg_eventhandler.h" />
		<Unit filename="include/wg_eventlogger.h" />
		<Unit filename="include/wg_font.h" />
		<Unit filename="include/wg_geo.h" />
		<Unit filename="include/wg_gfx.h" />
		<Unit filename="include/wg_gfxanim.h" />
		<Unit filename="include/wg_gfxdevice.h" />
		<Unit filename="include/wg_gfxdevice_null.h" />
		<Unit filename="include/wg_gizmo.h" />
		<Unit filename="include/wg_gizmo_animation.h" />
		<Unit filename="include/wg_gizmo_button.h" />
		<Unit filename="include/wg_gizmo_checkbox.h" />
		<Unit filename="include/wg_gizmo_circlemeter.h" />
		<Unit filename="include/wg_gizmo_collection.h" />
		<Unit filename="include/wg_gizmo_combobox.h" />
		<Unit filename="include/wg_gizmo_container.h" />
		<Unit filename="include/wg_gizmo_dragbars.h" />
		<Unit filename="include/wg_gizmo_dummy.h" />
		<Unit filename="include/wg_gizmo_editline.h" />
		<Unit filename="include/wg_gizmo_editvalue.h" />
		<Unit filename="include/wg_gizmo_fill.h" />
		<Unit filename="include/wg_gizmo_flexgeo.h" />
		<Unit filename="include/wg_gizmo_fps.h" />
		<Unit filename="include/wg_gizmo_hook.h" />
		<Unit filename="include/wg_gizmo_item_wrapper.h" />
		<Unit filename="include/wg_gizmo_menubar.h" />
		<Unit filename="include/wg_gizmo_modal.h" />
		<Unit filename="include/wg_gizmo_parent.h" />
		<Unit filename="include/wg_gizmo_pixmap.h" />
		<Unit filename="include/wg_gizmo_radiobutton.h" />
		<Unit filename="include/wg_gizmo_refreshbutton.h" />
		<Unit filename="include/wg_gizmo_row.h" />
		<Unit filename="include/wg_gizmo_table.h" />
		<Unit filename="include/wg_gizmo_tablist.h" />
		<Unit filename="include/wg_gizmo_text.h" />
		<Unit filename="include/wg_gizmo_value.h" />
		<Unit filename="include/wg_gizmo_view.h" />
		<Unit filename="include/wg_glyphset.h" />
		<Unit filename="include/wg_input.h" />
		<Unit filename="include/wg_inputdevice.h" />
		<Unit filename="include/wg_interface_edittext.h" />
		<Unit filename="include/wg_interface_textholder.h" />
		<Unit filename="include/wg_interface_valueholder.h" />
		<Unit filename="include/wg_key.h" />
		<Unit filename="include/wg_mempool.h" />
		<Unit filename="include/wg_menuitem.h" />
		<Unit filename="include/wg_origo.h" />
		<Unit filename="include/wg_pen.h" />
		<Unit filename="include/wg_pointerspy.h" />
		<Unit filename="include/wg_rectchain.h" />
		<Unit filename="include/wg_refcounted.h" />
		<Unit filename="include/wg_resdb.h" />
		<Unit filename="include/wg_resloader.h" />
		<Unit filename="include/wg_root.h" />
		<Unit filename="include/wg_signals.h" />
		<Unit filename="include/wg_signalstanza.h" />
		<Unit filename="include/wg_skinmanager.h" />
		<Unit filename="include/wg_smartptr.h" />
		<Unit filename="include/wg_string.h" />
		<Unit filename="include/wg_surface.h" />
		<Unit filename="include/wg_text.h" />
		<Unit filename="include/wg_textlink.h" />
		<Unit filename="include/wg_textmanager.h" />
		<Unit filename="include/wg_textprop.h" />
		<Unit filename="include/wg_textpropmanager.h" />
		<Unit filename="include/wg_texttool.h" />
		<Unit filename="include/wg_tooltip.h" />
		<Unit filename="include/wg_types.h" />
		<Unit filename="include/wg_userdefines.h" />
		<Unit filename="include/wg_util.h" />
		<Unit filename="include/wg_valueformat.h" />
		<Unit filename="include/wg_vectorglyphs.h" />
		<Unit filename="include/wondergui.h" />
		<Unit filename="source/wg_anim.cpp" />
		<Unit filename="source/wg_base.cpp" />
		<Unit filename="source/wg_bitmapglyphs.cpp" />
		<Unit filename="source/wg_blockset.cpp" />
		<Unit filename="source/wg_chain.cpp" />
		<Unit filename="source/wg_char.cpp" />
		<Unit filename="source/wg_charbuffer.cpp" />
		<Unit filename="source/wg_charseq.cpp" />
		<Unit filename="source/wg_codepages.cpp" />
		<Unit filename="source/wg_color.cpp" />
		<Unit filename="source/wg_cursor.cpp" />
		<Unit filename="source/wg_cursorinstance.cpp" />
		<Unit filename="source/wg_emitter.cpp" />
		<Unit filename="source/wg_event.cpp" />
		<Unit filename="source/wg_eventhandler.cpp" />
		<Unit filename="source/wg_eventlogger.cpp" />
		<Unit filename="source/wg_font.cpp" />
		<Unit filename="source/wg_geo.cpp" />
		<Unit filename="source/wg_gfxanim.cpp" />
		<Unit filename="source/wg_gfxdevice.cpp" />
		<Unit filename="source/wg_gfxdevice_null.cpp" />
		<Unit filename="source/wg_gizmo.cpp" />
		<Unit filename="source/wg_gizmo_animation.cpp" />
		<Unit filename="source/wg_gizmo_button.cpp" />
		<Unit filename="source/wg_gizmo_checkbox.cpp" />
		<Unit filename="source/wg_gizmo_circlemeter.cpp" />
		<Unit filename="source/wg_gizmo_combobox.cpp" />
		<Unit filename="source/wg_gizmo_container.cpp" />
		<Unit filename="source/wg_gizmo_dragbars.cpp" />
		<Unit filename="source/wg_gizmo_dummy.cpp" />
		<Unit filename="source/wg_gizmo_editline.cpp" />
		<Unit filename="source/wg_gizmo_editvalue.cpp" />
		<Unit filename="source/wg_gizmo_fill.cpp" />
		<Unit filename="source/wg_gizmo_flexgeo.cpp" />
		<Unit filename="source/wg_gizmo_fps.cpp" />
		<Unit filename="source/wg_gizmo_hook.cpp" />
		<Unit filename="source/wg_gizmo_menubar.cpp" />
		<Unit filename="source/wg_gizmo_pixmap.cpp" />
		<Unit filename="source/wg_gizmo_radiobutton.cpp" />
		<Unit filename="source/wg_gizmo_refreshbutton.cpp" />
		<Unit filename="source/wg_gizmo_table.cpp" />
		<Unit filename="source/wg_gizmo_tablist.cpp" />
		<Unit filename="source/wg_gizmo_text.cpp" />
		<Unit filename="source/wg_gizmo_value.cpp" />
		<Unit filename="source/wg_gizmo_view.cpp" />
		<Unit filename="source/wg_glyphset.cpp" />
		<Unit filename="source/wg_inputdevice.cpp" />
		<Unit filename="source/wg_interface_edittext.cpp" />
		<Unit filename="source/wg_interface_textholder.cpp" />
		<Unit filename="source/wg_interface_valueholder.cpp" />
		<Unit filename="source/wg_mempool.cpp" />
		<Unit filename="source/wg_menuitem.cpp" />
		<Unit filename="source/wg_origo.cpp" />
		<Unit filename="source/wg_pen.cpp" />
		<Unit filename="source/wg_rectchain.cpp" />
		<Unit filename="source/wg_resdb.cpp" />
		<Unit filename="source/wg_root.cpp" />
		<Unit filename="source/wg_skinmanager.cpp" />
		<Unit filename="source/wg_smartptr.cpp" />
		<Unit filename="source/wg_string.cpp" />
		<Unit filename="source/wg_surface.cpp" />
		<Unit filename="source/wg_text.cpp" />
		<Unit filename="source/wg_textlink.cpp" />
		<Unit filename="source/wg_textmanager.cpp" />
		<Unit filename="source/wg_textprop.cpp" />
		<Unit filename="source/wg_textpropmanager.cpp" />
		<Unit filename="source/wg_texttool.cpp" />
		<Unit filename="source/wg_util.cpp" />
		<Unit filename="source/wg_valueformat.cpp" />
		<Unit filename="source/wg_vectorglyphs.cpp" />
		<Extensions>
			<code_completion />
			<envvars />
			<debugger />
			<lib_finder disable_auto="1" />
		</Extensions>
	</Project>
</CodeBlocks_project_file>
