// !$*UTF8*$!
{
	archiveVersion = 1;
	classes = {
	};
	objectVersion = 50;
	objects = {

/* Begin PBXBuildFile section */
		170F7C9D220077C300B70B56 /* wg_surfacefactory_soft.h in Headers */ = {isa = PBXBuildFile; fileRef = 170F7C91220077C100B70B56 /* wg_surfacefactory_soft.h */; };
		170F7C9E220077C300B70B56 /* wg_surfacefactory_soft.cpp in Sources */ = {isa = PBXBuildFile; fileRef = 170F7C92220077C100B70B56 /* wg_surfacefactory_soft.cpp */; };
		170F7CA3220077C300B70B56 /* wg_surface_soft.cpp in Sources */ = {isa = PBXBuildFile; fileRef = 170F7C97220077C200B70B56 /* wg_surface_soft.cpp */; };
		170F7CA6220077C300B70B56 /* wg_surface_soft.h in Headers */ = {isa = PBXBuildFile; fileRef = 170F7C9A220077C200B70B56 /* wg_surface_soft.h */; };
		1717913722CB46C100B10F51 /* wg3_softsurface.cpp in Sources */ = {isa = PBXBuildFile; fileRef = 1717913122CB46C000B10F51 /* wg3_softsurface.cpp */; };
		1717913822CB46C100B10F51 /* wg3_softgfxdevice.h in Headers */ = {isa = PBXBuildFile; fileRef = 1717913222CB46C000B10F51 /* wg3_softgfxdevice.h */; };
		1717913922CB46C100B10F51 /* wg3_softsurfacefactory.h in Headers */ = {isa = PBXBuildFile; fileRef = 1717913322CB46C000B10F51 /* wg3_softsurfacefactory.h */; };
		1717913A22CB46C100B10F51 /* wg3_softsurface.h in Headers */ = {isa = PBXBuildFile; fileRef = 1717913422CB46C100B10F51 /* wg3_softsurface.h */; };
		1717913B22CB46C100B10F51 /* wg3_softgfxdevice.cpp in Sources */ = {isa = PBXBuildFile; fileRef = 1717913522CB46C100B10F51 /* wg3_softgfxdevice.cpp */; };
		1717913C22CB46C100B10F51 /* wg3_softsurfacefactory.cpp in Sources */ = {isa = PBXBuildFile; fileRef = 1717913622CB46C100B10F51 /* wg3_softsurfacefactory.cpp */; };
/* End PBXBuildFile section */

/* Begin PBXFileReference section */
		170F7C88220077A800B70B56 /* libwg_software.a */ = {isa = PBXFileReference; explicitFileType = archive.ar; includeInIndex = 0; path = libwg_software.a; sourceTree = BUILT_PRODUCTS_DIR; };
		170F7C91220077C100B70B56 /* wg_surfacefactory_soft.h */ = {isa = PBXFileReference; fileEncoding = 4; lastKnownFileType = sourcecode.c.h; name = wg_surfacefactory_soft.h; path = ../framework/wg_soft/wg_surfacefactory_soft.h; sourceTree = "<group>"; };
		170F7C92220077C100B70B56 /* wg_surfacefactory_soft.cpp */ = {isa = PBXFileReference; fileEncoding = 4; lastKnownFileType = sourcecode.cpp.cpp; name = wg_surfacefactory_soft.cpp; path = ../framework/wg_soft/wg_surfacefactory_soft.cpp; sourceTree = "<group>"; };
		170F7C97220077C200B70B56 /* wg_surface_soft.cpp */ = {isa = PBXFileReference; fileEncoding = 4; lastKnownFileType = sourcecode.cpp.cpp; name = wg_surface_soft.cpp; path = ../framework/wg_soft/wg_surface_soft.cpp; sourceTree = "<group>"; };
		170F7C9A220077C200B70B56 /* wg_surface_soft.h */ = {isa = PBXFileReference; fileEncoding = 4; lastKnownFileType = sourcecode.c.h; name = wg_surface_soft.h; path = ../framework/wg_soft/wg_surface_soft.h; sourceTree = "<group>"; };
		1717913122CB46C000B10F51 /* wg3_softsurface.cpp */ = {isa = PBXFileReference; fileEncoding = 4; lastKnownFileType = sourcecode.cpp.cpp; name = wg3_softsurface.cpp; path = ../framework/gfxdevices/software/wg3_softsurface.cpp; sourceTree = "<group>"; };
		1717913222CB46C000B10F51 /* wg3_softgfxdevice.h */ = {isa = PBXFileReference; fileEncoding = 4; lastKnownFileType = sourcecode.c.h; name = wg3_softgfxdevice.h; path = ../framework/gfxdevices/software/wg3_softgfxdevice.h; sourceTree = "<group>"; };
		1717913322CB46C000B10F51 /* wg3_softsurfacefactory.h */ = {isa = PBXFileReference; fileEncoding = 4; lastKnownFileType = sourcecode.c.h; name = wg3_softsurfacefactory.h; path = ../framework/gfxdevices/software/wg3_softsurfacefactory.h; sourceTree = "<group>"; };
		1717913422CB46C100B10F51 /* wg3_softsurface.h */ = {isa = PBXFileReference; fileEncoding = 4; lastKnownFileType = sourcecode.c.h; name = wg3_softsurface.h; path = ../framework/gfxdevices/software/wg3_softsurface.h; sourceTree = "<group>"; };
		1717913522CB46C100B10F51 /* wg3_softgfxdevice.cpp */ = {isa = PBXFileReference; fileEncoding = 4; lastKnownFileType = sourcecode.cpp.cpp; name = wg3_softgfxdevice.cpp; path = ../framework/gfxdevices/software/wg3_softgfxdevice.cpp; sourceTree = "<group>"; };
		1717913622CB46C100B10F51 /* wg3_softsurfacefactory.cpp */ = {isa = PBXFileReference; fileEncoding = 4; lastKnownFileType = sourcecode.cpp.cpp; name = wg3_softsurfacefactory.cpp; path = ../framework/gfxdevices/software/wg3_softsurfacefactory.cpp; sourceTree = "<group>"; };
/* End PBXFileReference section */

/* Begin PBXFrameworksBuildPhase section */
		170F7C85220077A800B70B56 /* Frameworks */ = {
			isa = PBXFrameworksBuildPhase;
			buildActionMask = 2147483647;
			files = (
			);
			runOnlyForDeploymentPostprocessing = 0;
		};
/* End PBXFrameworksBuildPhase section */

/* Begin PBXGroup section */
		170F7C7F220077A800B70B56 = {
			isa = PBXGroup;
			children = (
				1717913522CB46C100B10F51 /* wg3_softgfxdevice.cpp */,
				1717913222CB46C000B10F51 /* wg3_softgfxdevice.h */,
				1717913122CB46C000B10F51 /* wg3_softsurface.cpp */,
				1717913422CB46C100B10F51 /* wg3_softsurface.h */,
				1717913622CB46C100B10F51 /* wg3_softsurfacefactory.cpp */,
				1717913322CB46C000B10F51 /* wg3_softsurfacefactory.h */,
				170F7C97220077C200B70B56 /* wg_surface_soft.cpp */,
				170F7C9A220077C200B70B56 /* wg_surface_soft.h */,
				170F7C92220077C100B70B56 /* wg_surfacefactory_soft.cpp */,
				170F7C91220077C100B70B56 /* wg_surfacefactory_soft.h */,
				170F7C89220077A800B70B56 /* Products */,
			);
			sourceTree = "<group>";
		};
		170F7C89220077A800B70B56 /* Products */ = {
			isa = PBXGroup;
			children = (
				170F7C88220077A800B70B56 /* libwg_software.a */,
			);
			name = Products;
			sourceTree = "<group>";
		};
/* End PBXGroup section */

/* Begin PBXHeadersBuildPhase section */
		170F7C86220077A800B70B56 /* Headers */ = {
			isa = PBXHeadersBuildPhase;
			buildActionMask = 2147483647;
			files = (
				1717913A22CB46C100B10F51 /* wg3_softsurface.h in Headers */,
				1717913922CB46C100B10F51 /* wg3_softsurfacefactory.h in Headers */,
				170F7CA6220077C300B70B56 /* wg_surface_soft.h in Headers */,
				1717913822CB46C100B10F51 /* wg3_softgfxdevice.h in Headers */,
				170F7C9D220077C300B70B56 /* wg_surfacefactory_soft.h in Headers */,
			);
			runOnlyForDeploymentPostprocessing = 0;
		};
/* End PBXHeadersBuildPhase section */

/* Begin PBXNativeTarget section */
		170F7C87220077A800B70B56 /* wg_software */ = {
			isa = PBXNativeTarget;
			buildConfigurationList = 170F7C8C220077A800B70B56 /* Build configuration list for PBXNativeTarget "wg_software" */;
			buildPhases = (
				170F7C84220077A800B70B56 /* Sources */,
				170F7C85220077A800B70B56 /* Frameworks */,
				170F7C86220077A800B70B56 /* Headers */,
			);
			buildRules = (
			);
			dependencies = (
			);
			name = wg_software;
			productName = wg_software;
			productReference = 170F7C88220077A800B70B56 /* libwg_software.a */;
			productType = "com.apple.product-type.library.static";
		};
/* End PBXNativeTarget section */

/* Begin PBXProject section */
		170F7C80220077A800B70B56 /* Project object */ = {
			isa = PBXProject;
			attributes = {
				LastUpgradeCheck = 0940;
				ORGANIZATIONNAME = "Tord Jansson";
				TargetAttributes = {
					170F7C87220077A800B70B56 = {
						CreatedOnToolsVersion = 9.4.1;
					};
				};
			};
			buildConfigurationList = 170F7C83220077A800B70B56 /* Build configuration list for PBXProject "wg_software" */;
			compatibilityVersion = "Xcode 9.3";
			developmentRegion = en;
			hasScannedForEncodings = 0;
			knownRegions = (
				en,
			);
			mainGroup = 170F7C7F220077A800B70B56;
			productRefGroup = 170F7C89220077A800B70B56 /* Products */;
			projectDirPath = "";
			projectRoot = "";
			targets = (
				170F7C87220077A800B70B56 /* wg_software */,
			);
		};
/* End PBXProject section */

/* Begin PBXSourcesBuildPhase section */
		170F7C84220077A800B70B56 /* Sources */ = {
			isa = PBXSourcesBuildPhase;
			buildActionMask = 2147483647;
			files = (
				1717913722CB46C100B10F51 /* wg3_softsurface.cpp in Sources */,
				170F7CA3220077C300B70B56 /* wg_surface_soft.cpp in Sources */,
				170F7C9E220077C300B70B56 /* wg_surfacefactory_soft.cpp in Sources */,
				1717913C22CB46C100B10F51 /* wg3_softsurfacefactory.cpp in Sources */,
				1717913B22CB46C100B10F51 /* wg3_softgfxdevice.cpp in Sources */,
			);
			runOnlyForDeploymentPostprocessing = 0;
		};
/* End PBXSourcesBuildPhase section */

/* Begin XCBuildConfiguration section */
		170F7C8A220077A800B70B56 /* Debug */ = {
			isa = XCBuildConfiguration;
			buildSettings = {
				ALWAYS_SEARCH_USER_PATHS = NO;
				CLANG_ANALYZER_NONNULL = YES;
				CLANG_ANALYZER_NUMBER_OBJECT_CONVERSION = YES_AGGRESSIVE;
				CLANG_CXX_LANGUAGE_STANDARD = "gnu++14";
				CLANG_CXX_LIBRARY = "libc++";
				CLANG_ENABLE_MODULES = YES;
				CLANG_ENABLE_OBJC_ARC = YES;
				CLANG_ENABLE_OBJC_WEAK = YES;
				CLANG_WARN_BLOCK_CAPTURE_AUTORELEASING = YES;
				CLANG_WARN_BOOL_CONVERSION = YES;
				CLANG_WARN_COMMA = YES;
				CLANG_WARN_CONSTANT_CONVERSION = YES;
				CLANG_WARN_DEPRECATED_OBJC_IMPLEMENTATIONS = YES;
				CLANG_WARN_DIRECT_OBJC_ISA_USAGE = YES_ERROR;
				CLANG_WARN_DOCUMENTATION_COMMENTS = YES;
				CLANG_WARN_EMPTY_BODY = YES;
				CLANG_WARN_ENUM_CONVERSION = YES;
				CLANG_WARN_INFINITE_RECURSION = YES;
				CLANG_WARN_INT_CONVERSION = YES;
				CLANG_WARN_NON_LITERAL_NULL_CONVERSION = YES;
				CLANG_WARN_OBJC_IMPLICIT_RETAIN_SELF = YES;
				CLANG_WARN_OBJC_LITERAL_CONVERSION = YES;
				CLANG_WARN_OBJC_ROOT_CLASS = YES_ERROR;
				CLANG_WARN_RANGE_LOOP_ANALYSIS = YES;
				CLANG_WARN_STRICT_PROTOTYPES = YES;
				CLANG_WARN_SUSPICIOUS_MOVE = YES;
				CLANG_WARN_UNGUARDED_AVAILABILITY = YES_AGGRESSIVE;
				CLANG_WARN_UNREACHABLE_CODE = YES;
				CLANG_WARN__DUPLICATE_METHOD_MATCH = YES;
				CODE_SIGN_IDENTITY = "-";
				COPY_PHASE_STRIP = NO;
				DEBUG_INFORMATION_FORMAT = dwarf;
				ENABLE_STRICT_OBJC_MSGSEND = YES;
				ENABLE_TESTABILITY = YES;
				GCC_C_LANGUAGE_STANDARD = gnu11;
				GCC_DYNAMIC_NO_PIC = NO;
				GCC_NO_COMMON_BLOCKS = YES;
				GCC_OPTIMIZATION_LEVEL = 0;
				GCC_PREPROCESSOR_DEFINITIONS = (
					"DEBUG=1",
					"$(inherited)",
				);
				GCC_WARN_64_TO_32_BIT_CONVERSION = YES;
				GCC_WARN_ABOUT_RETURN_TYPE = YES_ERROR;
				GCC_WARN_UNDECLARED_SELECTOR = YES;
				GCC_WARN_UNINITIALIZED_AUTOS = YES_AGGRESSIVE;
				GCC_WARN_UNUSED_FUNCTION = YES;
				GCC_WARN_UNUSED_VARIABLE = YES;
				MACOSX_DEPLOYMENT_TARGET = 10.13;
				MTL_ENABLE_DEBUG_INFO = YES;
				ONLY_ACTIVE_ARCH = YES;
				SDKROOT = macosx;
			};
			name = Debug;
		};
		170F7C8B220077A800B70B56 /* Release */ = {
			isa = XCBuildConfiguration;
			buildSettings = {
				ALWAYS_SEARCH_USER_PATHS = NO;
				CLANG_ANALYZER_NONNULL = YES;
				CLANG_ANALYZER_NUMBER_OBJECT_CONVERSION = YES_AGGRESSIVE;
				CLANG_CXX_LANGUAGE_STANDARD = "gnu++14";
				CLANG_CXX_LIBRARY = "libc++";
				CLANG_ENABLE_MODULES = YES;
				CLANG_ENABLE_OBJC_ARC = YES;
				CLANG_ENABLE_OBJC_WEAK = YES;
				CLANG_WARN_BLOCK_CAPTURE_AUTORELEASING = YES;
				CLANG_WARN_BOOL_CONVERSION = YES;
				CLANG_WARN_COMMA = YES;
				CLANG_WARN_CONSTANT_CONVERSION = YES;
				CLANG_WARN_DEPRECATED_OBJC_IMPLEMENTATIONS = YES;
				CLANG_WARN_DIRECT_OBJC_ISA_USAGE = YES_ERROR;
				CLANG_WARN_DOCUMENTATION_COMMENTS = YES;
				CLANG_WARN_EMPTY_BODY = YES;
				CLANG_WARN_ENUM_CONVERSION = YES;
				CLANG_WARN_INFINITE_RECURSION = YES;
				CLANG_WARN_INT_CONVERSION = YES;
				CLANG_WARN_NON_LITERAL_NULL_CONVERSION = YES;
				CLANG_WARN_OBJC_IMPLICIT_RETAIN_SELF = YES;
				CLANG_WARN_OBJC_LITERAL_CONVERSION = YES;
				CLANG_WARN_OBJC_ROOT_CLASS = YES_ERROR;
				CLANG_WARN_RANGE_LOOP_ANALYSIS = YES;
				CLANG_WARN_STRICT_PROTOTYPES = YES;
				CLANG_WARN_SUSPICIOUS_MOVE = YES;
				CLANG_WARN_UNGUARDED_AVAILABILITY = YES_AGGRESSIVE;
				CLANG_WARN_UNREACHABLE_CODE = YES;
				CLANG_WARN__DUPLICATE_METHOD_MATCH = YES;
				CODE_SIGN_IDENTITY = "-";
				COPY_PHASE_STRIP = NO;
				DEBUG_INFORMATION_FORMAT = "dwarf-with-dsym";
				ENABLE_NS_ASSERTIONS = NO;
				ENABLE_STRICT_OBJC_MSGSEND = YES;
				GCC_C_LANGUAGE_STANDARD = gnu11;
				GCC_NO_COMMON_BLOCKS = YES;
				GCC_WARN_64_TO_32_BIT_CONVERSION = YES;
				GCC_WARN_ABOUT_RETURN_TYPE = YES_ERROR;
				GCC_WARN_UNDECLARED_SELECTOR = YES;
				GCC_WARN_UNINITIALIZED_AUTOS = YES_AGGRESSIVE;
				GCC_WARN_UNUSED_FUNCTION = YES;
				GCC_WARN_UNUSED_VARIABLE = YES;
				MACOSX_DEPLOYMENT_TARGET = 10.13;
				MTL_ENABLE_DEBUG_INFO = NO;
				SDKROOT = macosx;
			};
			name = Release;
		};
		170F7C8D220077A800B70B56 /* Debug */ = {
			isa = XCBuildConfiguration;
			buildSettings = {
				CODE_SIGN_STYLE = Automatic;
				EXECUTABLE_PREFIX = lib;
				HEADER_SEARCH_PATHS = (
					../framework/,
					../framework/gfxdevices/software/,
					../framework/base/,
					../framework/interfaces/,
				);
				PRODUCT_NAME = "$(TARGET_NAME)";
				SKIP_INSTALL = YES;
			};
			name = Debug;
		};
		170F7C8E220077A800B70B56 /* Release */ = {
			isa = XCBuildConfiguration;
			buildSettings = {
				CODE_SIGN_STYLE = Automatic;
				EXECUTABLE_PREFIX = lib;
				HEADER_SEARCH_PATHS = (
					../framework/,
					../framework/gfxdevices/software/,
					../framework/base/,
					../framework/interfaces/,
				);
				PRODUCT_NAME = "$(TARGET_NAME)";
				SKIP_INSTALL = YES;
			};
			name = Release;
		};
/* End XCBuildConfiguration section */

/* Begin XCConfigurationList section */
		170F7C83220077A800B70B56 /* Build configuration list for PBXProject "wg_software" */ = {
			isa = XCConfigurationList;
			buildConfigurations = (
				170F7C8A220077A800B70B56 /* Debug */,
				170F7C8B220077A800B70B56 /* Release */,
			);
			defaultConfigurationIsVisible = 0;
			defaultConfigurationName = Release;
		};
		170F7C8C220077A800B70B56 /* Build configuration list for PBXNativeTarget "wg_software" */ = {
			isa = XCConfigurationList;
			buildConfigurations = (
				170F7C8D220077A800B70B56 /* Debug */,
				170F7C8E220077A800B70B56 /* Release */,
			);
			defaultConfigurationIsVisible = 0;
			defaultConfigurationName = Release;
		};
/* End XCConfigurationList section */
	};
	rootObject = 170F7C80220077A800B70B56 /* Project object */;
}
