// !$*UTF8*$!
{
	archiveVersion = 1;
	classes = {
	};
	objectVersion = 50;
	objects = {

/* Begin PBXBuildFile section */
		170F7A5E220073C400B70B56 /* Assets.xcassets in Resources */ = {isa = PBXBuildFile; fileRef = 170F7A5D220073C400B70B56 /* Assets.xcassets */; };
		170F7CAA22007BA400B70B56 /* main.cpp in Sources */ = {isa = PBXBuildFile; fileRef = 170F7CA922007BA300B70B56 /* main.cpp */; };
		170F7CB122007F6D00B70B56 /* sdl_wglib.cpp in Sources */ = {isa = PBXBuildFile; fileRef = 170F7CB022007F6D00B70B56 /* sdl_wglib.cpp */; };
		170F7CB42200829800B70B56 /* libwg_software.a in Frameworks */ = {isa = PBXBuildFile; fileRef = 170F7CB32200829800B70B56 /* libwg_software.a */; };
		170F7CB62200829800B70B56 /* libwondergui.a in Frameworks */ = {isa = PBXBuildFile; fileRef = 170F7CB52200829800B70B56 /* libwondergui.a */; };
		170F7CB92200851500B70B56 /* SDL2.framework in Copy Bundle Frameworks */ = {isa = PBXBuildFile; fileRef = 170F7CB82200851500B70B56 /* SDL2.framework */; settings = {ATTRIBUTES = (RemoveHeadersOnCopy, ); }; };
		173B370E22CCB1AA006848B3 /* SDL2_image.framework in Frameworks */ = {isa = PBXBuildFile; fileRef = 173B370D22CCB1A9006848B3 /* SDL2_image.framework */; };
/* End PBXBuildFile section */

/* Begin PBXCopyFilesBuildPhase section */
		170F7CB7220084AD00B70B56 /* Copy Bundle Frameworks */ = {
			isa = PBXCopyFilesBuildPhase;
			buildActionMask = 2147483647;
			dstPath = "";
			dstSubfolderSpec = 10;
			files = (
				170F7CB92200851500B70B56 /* SDL2.framework in Copy Bundle Frameworks */,
			);
			name = "Copy Bundle Frameworks";
			runOnlyForDeploymentPostprocessing = 0;
		};
/* End PBXCopyFilesBuildPhase section */

/* Begin PBXFileReference section */
		170F7A54220073C300B70B56 /* bench.app */ = {isa = PBXFileReference; explicitFileType = wrapper.application; includeInIndex = 0; path = bench.app; sourceTree = BUILT_PRODUCTS_DIR; };
		170F7A5D220073C400B70B56 /* Assets.xcassets */ = {isa = PBXFileReference; lastKnownFileType = folder.assetcatalog; path = Assets.xcassets; sourceTree = "<group>"; };
		170F7A62220073C400B70B56 /* Info.plist */ = {isa = PBXFileReference; lastKnownFileType = text.plist.xml; path = Info.plist; sourceTree = "<group>"; };
		170F7CA922007BA300B70B56 /* main.cpp */ = {isa = PBXFileReference; fileEncoding = 4; lastKnownFileType = sourcecode.cpp.cpp; path = main.cpp; sourceTree = "<group>"; };
		170F7CAF22007F6D00B70B56 /* sdl_wglib.h */ = {isa = PBXFileReference; fileEncoding = 4; lastKnownFileType = sourcecode.c.h; name = sdl_wglib.h; path = ../extras/sdl_wglib.h; sourceTree = "<group>"; };
		170F7CB022007F6D00B70B56 /* sdl_wglib.cpp */ = {isa = PBXFileReference; fileEncoding = 4; lastKnownFileType = sourcecode.cpp.cpp; name = sdl_wglib.cpp; path = ../extras/sdl_wglib.cpp; sourceTree = "<group>"; };
		170F7CB32200829800B70B56 /* libwg_software.a */ = {isa = PBXFileReference; explicitFileType = archive.ar; path = libwg_software.a; sourceTree = BUILT_PRODUCTS_DIR; };
		170F7CB52200829800B70B56 /* libwondergui.a */ = {isa = PBXFileReference; explicitFileType = archive.ar; path = libwondergui.a; sourceTree = BUILT_PRODUCTS_DIR; };
		170F7CB82200851500B70B56 /* SDL2.framework */ = {isa = PBXFileReference; lastKnownFileType = wrapper.framework; name = SDL2.framework; path = ../../SDL2/SDL2.framework; sourceTree = "<group>"; };
		173B370D22CCB1A9006848B3 /* SDL2_image.framework */ = {isa = PBXFileReference; lastKnownFileType = wrapper.framework; name = SDL2_image.framework; path = ../../../Library/SDL2_image/SDL2_image.framework; sourceTree = "<group>"; };
/* End PBXFileReference section */

/* Begin PBXFrameworksBuildPhase section */
		170F7A51220073C300B70B56 /* Frameworks */ = {
			isa = PBXFrameworksBuildPhase;
			buildActionMask = 2147483647;
			files = (
				173B370E22CCB1AA006848B3 /* SDL2_image.framework in Frameworks */,
				170F7CB42200829800B70B56 /* libwg_software.a in Frameworks */,
				170F7CB62200829800B70B56 /* libwondergui.a in Frameworks */,
			);
			runOnlyForDeploymentPostprocessing = 0;
		};
/* End PBXFrameworksBuildPhase section */

/* Begin PBXGroup section */
		170F7A4B220073C300B70B56 = {
			isa = PBXGroup;
			children = (
				170F7CB82200851500B70B56 /* SDL2.framework */,
				170F7CB022007F6D00B70B56 /* sdl_wglib.cpp */,
				170F7CAF22007F6D00B70B56 /* sdl_wglib.h */,
				170F7CA922007BA300B70B56 /* main.cpp */,
				170F7A56220073C300B70B56 /* bench */,
				170F7A55220073C300B70B56 /* Products */,
				170F7CB22200829800B70B56 /* Frameworks */,
			);
			sourceTree = "<group>";
		};
		170F7A55220073C300B70B56 /* Products */ = {
			isa = PBXGroup;
			children = (
				170F7A54220073C300B70B56 /* bench.app */,
			);
			name = Products;
			sourceTree = "<group>";
		};
		170F7A56220073C300B70B56 /* bench */ = {
			isa = PBXGroup;
			children = (
				170F7A5D220073C400B70B56 /* Assets.xcassets */,
				170F7A62220073C400B70B56 /* Info.plist */,
			);
			path = bench;
			sourceTree = "<group>";
		};
		170F7CB22200829800B70B56 /* Frameworks */ = {
			isa = PBXGroup;
			children = (
				173B370D22CCB1A9006848B3 /* SDL2_image.framework */,
				170F7CB32200829800B70B56 /* libwg_software.a */,
				170F7CB52200829800B70B56 /* libwondergui.a */,
			);
			name = Frameworks;
			sourceTree = "<group>";
		};
/* End PBXGroup section */

/* Begin PBXNativeTarget section */
		170F7A53220073C300B70B56 /* bench */ = {
			isa = PBXNativeTarget;
			buildConfigurationList = 170F7A68220073C400B70B56 /* Build configuration list for PBXNativeTarget "bench" */;
			buildPhases = (
				170F7A50220073C300B70B56 /* Sources */,
				170F7A51220073C300B70B56 /* Frameworks */,
				170F7A52220073C300B70B56 /* Resources */,
				170F7CB7220084AD00B70B56 /* Copy Bundle Frameworks */,
			);
			buildRules = (
			);
			dependencies = (
			);
			name = bench;
			productName = bench;
			productReference = 170F7A54220073C300B70B56 /* bench.app */;
			productType = "com.apple.product-type.application";
		};
/* End PBXNativeTarget section */

/* Begin PBXProject section */
		170F7A4C220073C300B70B56 /* Project object */ = {
			isa = PBXProject;
			attributes = {
				LastUpgradeCheck = 0940;
				ORGANIZATIONNAME = "Tord Jansson";
				TargetAttributes = {
					170F7A53220073C300B70B56 = {
						CreatedOnToolsVersion = 9.4.1;
					};
				};
			};
			buildConfigurationList = 170F7A4F220073C300B70B56 /* Build configuration list for PBXProject "bench" */;
			compatibilityVersion = "Xcode 9.3";
			developmentRegion = en;
			hasScannedForEncodings = 0;
			knownRegions = (
				en,
				Base,
			);
			mainGroup = 170F7A4B220073C300B70B56;
			productRefGroup = 170F7A55220073C300B70B56 /* Products */;
			projectDirPath = "";
			projectRoot = "";
			targets = (
				170F7A53220073C300B70B56 /* bench */,
			);
		};
/* End PBXProject section */

/* Begin PBXResourcesBuildPhase section */
		170F7A52220073C300B70B56 /* Resources */ = {
			isa = PBXResourcesBuildPhase;
			buildActionMask = 2147483647;
			files = (
				170F7A5E220073C400B70B56 /* Assets.xcassets in Resources */,
			);
			runOnlyForDeploymentPostprocessing = 0;
		};
/* End PBXResourcesBuildPhase section */

/* Begin PBXSourcesBuildPhase section */
		170F7A50220073C300B70B56 /* Sources */ = {
			isa = PBXSourcesBuildPhase;
			buildActionMask = 2147483647;
			files = (
				170F7CAA22007BA400B70B56 /* main.cpp in Sources */,
				170F7CB122007F6D00B70B56 /* sdl_wglib.cpp in Sources */,
			);
			runOnlyForDeploymentPostprocessing = 0;
		};
/* End PBXSourcesBuildPhase section */

/* Begin XCBuildConfiguration section */
		170F7A66220073C400B70B56 /* Debug */ = {
			isa = XCBuildConfiguration;
			buildSettings = {
				ALWAYS_SEARCH_USER_PATHS = NO;
				CLANG_ANALYZER_NONNULL = YES;
				CLANG_ANALYZER_NUMBER_OBJECT_CONVERSION = YES_AGGRESSIVE;
				CLANG_CXX_LANGUAGE_STANDARD = "gnu++14";
				CLANG_CXX_LIBRARY = "libc++";
				CLANG_ENABLE_MODULES = YES;
				CLANG_ENABLE_OBJC_ARC = YES;
				CLANG_ENABLE_OBJC_WEAK = YES;
				CLANG_WARN_BLOCK_CAPTURE_AUTORELEASING = YES;
				CLANG_WARN_BOOL_CONVERSION = YES;
				CLANG_WARN_COMMA = YES;
				CLANG_WARN_CONSTANT_CONVERSION = YES;
				CLANG_WARN_DEPRECATED_OBJC_IMPLEMENTATIONS = YES;
				CLANG_WARN_DIRECT_OBJC_ISA_USAGE = YES_ERROR;
				CLANG_WARN_DOCUMENTATION_COMMENTS = YES;
				CLANG_WARN_EMPTY_BODY = YES;
				CLANG_WARN_ENUM_CONVERSION = YES;
				CLANG_WARN_INFINITE_RECURSION = YES;
				CLANG_WARN_INT_CONVERSION = YES;
				CLANG_WARN_NON_LITERAL_NULL_CONVERSION = YES;
				CLANG_WARN_OBJC_IMPLICIT_RETAIN_SELF = YES;
				CLANG_WARN_OBJC_LITERAL_CONVERSION = YES;
				CLANG_WARN_OBJC_ROOT_CLASS = YES_ERROR;
				CLANG_WARN_RANGE_LOOP_ANALYSIS = YES;
				CLANG_WARN_STRICT_PROTOTYPES = YES;
				CLANG_WARN_SUSPICIOUS_MOVE = YES;
				CLANG_WARN_UNGUARDED_AVAILABILITY = YES_AGGRESSIVE;
				CLANG_WARN_UNREACHABLE_CODE = YES;
				CLANG_WARN__DUPLICATE_METHOD_MATCH = YES;
				CODE_SIGN_IDENTITY = "-";
				COPY_PHASE_STRIP = NO;
				DEBUG_INFORMATION_FORMAT = dwarf;
				ENABLE_STRICT_OBJC_MSGSEND = YES;
				ENABLE_TESTABILITY = YES;
				GCC_C_LANGUAGE_STANDARD = gnu11;
				GCC_DYNAMIC_NO_PIC = NO;
				GCC_NO_COMMON_BLOCKS = YES;
				GCC_OPTIMIZATION_LEVEL = 0;
				GCC_PREPROCESSOR_DEFINITIONS = (
					"DEBUG=1",
					"$(inherited)",
				);
				GCC_WARN_64_TO_32_BIT_CONVERSION = YES;
				GCC_WARN_ABOUT_RETURN_TYPE = YES_ERROR;
				GCC_WARN_UNDECLARED_SELECTOR = YES;
				GCC_WARN_UNINITIALIZED_AUTOS = YES_AGGRESSIVE;
				GCC_WARN_UNUSED_FUNCTION = YES;
				GCC_WARN_UNUSED_VARIABLE = YES;
				MACOSX_DEPLOYMENT_TARGET = 10.13;
				MTL_ENABLE_DEBUG_INFO = YES;
				ONLY_ACTIVE_ARCH = YES;
				SDKROOT = macosx;
			};
			name = Debug;
		};
		170F7A67220073C400B70B56 /* Release */ = {
			isa = XCBuildConfiguration;
			buildSettings = {
				ALWAYS_SEARCH_USER_PATHS = NO;
				CLANG_ANALYZER_NONNULL = YES;
				CLANG_ANALYZER_NUMBER_OBJECT_CONVERSION = YES_AGGRESSIVE;
				CLANG_CXX_LANGUAGE_STANDARD = "gnu++14";
				CLANG_CXX_LIBRARY = "libc++";
				CLANG_ENABLE_MODULES = YES;
				CLANG_ENABLE_OBJC_ARC = YES;
				CLANG_ENABLE_OBJC_WEAK = YES;
				CLANG_WARN_BLOCK_CAPTURE_AUTORELEASING = YES;
				CLANG_WARN_BOOL_CONVERSION = YES;
				CLANG_WARN_COMMA = YES;
				CLANG_WARN_CONSTANT_CONVERSION = YES;
				CLANG_WARN_DEPRECATED_OBJC_IMPLEMENTATIONS = YES;
				CLANG_WARN_DIRECT_OBJC_ISA_USAGE = YES_ERROR;
				CLANG_WARN_DOCUMENTATION_COMMENTS = YES;
				CLANG_WARN_EMPTY_BODY = YES;
				CLANG_WARN_ENUM_CONVERSION = YES;
				CLANG_WARN_INFINITE_RECURSION = YES;
				CLANG_WARN_INT_CONVERSION = YES;
				CLANG_WARN_NON_LITERAL_NULL_CONVERSION = YES;
				CLANG_WARN_OBJC_IMPLICIT_RETAIN_SELF = YES;
				CLANG_WARN_OBJC_LITERAL_CONVERSION = YES;
				CLANG_WARN_OBJC_ROOT_CLASS = YES_ERROR;
				CLANG_WARN_RANGE_LOOP_ANALYSIS = YES;
				CLANG_WARN_STRICT_PROTOTYPES = YES;
				CLANG_WARN_SUSPICIOUS_MOVE = YES;
				CLANG_WARN_UNGUARDED_AVAILABILITY = YES_AGGRESSIVE;
				CLANG_WARN_UNREACHABLE_CODE = YES;
				CLANG_WARN__DUPLICATE_METHOD_MATCH = YES;
				CODE_SIGN_IDENTITY = "-";
				COPY_PHASE_STRIP = NO;
				DEBUG_INFORMATION_FORMAT = "dwarf-with-dsym";
				ENABLE_NS_ASSERTIONS = NO;
				ENABLE_STRICT_OBJC_MSGSEND = YES;
				GCC_C_LANGUAGE_STANDARD = gnu11;
				GCC_NO_COMMON_BLOCKS = YES;
				GCC_WARN_64_TO_32_BIT_CONVERSION = YES;
				GCC_WARN_ABOUT_RETURN_TYPE = YES_ERROR;
				GCC_WARN_UNDECLARED_SELECTOR = YES;
				GCC_WARN_UNINITIALIZED_AUTOS = YES_AGGRESSIVE;
				GCC_WARN_UNUSED_FUNCTION = YES;
				GCC_WARN_UNUSED_VARIABLE = YES;
				MACOSX_DEPLOYMENT_TARGET = 10.13;
				MTL_ENABLE_DEBUG_INFO = NO;
				SDKROOT = macosx;
			};
			name = Release;
		};
		170F7A69220073C400B70B56 /* Debug */ = {
			isa = XCBuildConfiguration;
			buildSettings = {
				ASSETCATALOG_COMPILER_APPICON_NAME = AppIcon;
				CODE_SIGN_ENTITLEMENTS = "";
				CODE_SIGN_IDENTITY = "";
				CODE_SIGN_STYLE = Automatic;
				COMBINE_HIDPI_IMAGES = YES;
				FRAMEWORK_SEARCH_PATHS = (
					"$(SRCROOT)/../../SDL2/",
					"$(SRCROOT)/../../SDL2_image/",
					"$(USER_LIBRARY_DIR)/SDL2_image",
				);
				HEADER_SEARCH_PATHS = (
					/Users/tord/Workspace/wg2/Framework,
					/Users/tord/Workspace/wg2/Framework/wg_soft,
					/Users/tord/Workspace/wg2,
					/Users/tord/Workspace/wg2/Framework/opengl,
					/Users/tord/Workspace/wg2/Framework/base,
					/Users/tord/Workspace/wg2/Framework/interfaces,
					/Users/tord/Workspace/wg2/Framework/gfxdevices/opengl,
					/Users/tord/Workspace/wg2/Framework/gfxdevices/software,
				);
				INFOPLIST_FILE = bench/Info.plist;
				LD_RUNPATH_SEARCH_PATHS = (
					"$(inherited)",
					"@executable_path/../Frameworks",
				);
				OTHER_LDFLAGS = (
					"-framework",
					SDL2,
					"-framework",
					SDL2_image,
				);
				PRODUCT_BUNDLE_IDENTIFIER = Lushcode.bench;
				PRODUCT_NAME = "$(TARGET_NAME)";
			};
			name = Debug;
		};
		170F7A6A220073C400B70B56 /* Release */ = {
			isa = XCBuildConfiguration;
			buildSettings = {
				ASSETCATALOG_COMPILER_APPICON_NAME = AppIcon;
				CODE_SIGN_ENTITLEMENTS = "";
				CODE_SIGN_IDENTITY = "";
				CODE_SIGN_STYLE = Automatic;
				COMBINE_HIDPI_IMAGES = YES;
				FRAMEWORK_SEARCH_PATHS = (
					"$(SRCROOT)/../../SDL2/",
					"$(SRCROOT)/../../SDL2_image/",
					"$(USER_LIBRARY_DIR)/SDL2_image",
				);
				HEADER_SEARCH_PATHS = (
					/Users/tord/Workspace/wg2/Framework,
					/Users/tord/Workspace/wg2/Framework/wg_soft,
					/Users/tord/Workspace/wg2,
					/Users/tord/Workspace/wg2/Framework/opengl,
					/Users/tord/Workspace/wg2/Framework/base,
					/Users/tord/Workspace/wg2/Framework/interfaces,
					/Users/tord/Workspace/wg2/Framework/gfxdevices/opengl,
					/Users/tord/Workspace/wg2/Framework/gfxdevices/software,
				);
				INFOPLIST_FILE = bench/Info.plist;
				LD_RUNPATH_SEARCH_PATHS = (
					"$(inherited)",
					"@executable_path/../Frameworks",
				);
				OTHER_LDFLAGS = (
					"-framework",
					SDL2,
					"-framework",
					SDL2_image,
				);
				PRODUCT_BUNDLE_IDENTIFIER = Lushcode.bench;
				PRODUCT_NAME = "$(TARGET_NAME)";
			};
			name = Release;
		};
/* End XCBuildConfiguration section */

/* Begin XCConfigurationList section */
		170F7A4F220073C300B70B56 /* Build configuration list for PBXProject "bench" */ = {
			isa = XCConfigurationList;
			buildConfigurations = (
				170F7A66220073C400B70B56 /* Debug */,
				170F7A67220073C400B70B56 /* Release */,
			);
			defaultConfigurationIsVisible = 0;
			defaultConfigurationName = Release;
		};
		170F7A68220073C400B70B56 /* Build configuration list for PBXNativeTarget "bench" */ = {
			isa = XCConfigurationList;
			buildConfigurations = (
				170F7A69220073C400B70B56 /* Debug */,
				170F7A6A220073C400B70B56 /* Release */,
			);
			defaultConfigurationIsVisible = 0;
			defaultConfigurationName = Release;
		};
/* End XCConfigurationList section */
	};
	rootObject = 170F7A4C220073C300B70B56 /* Project object */;
}
