<?xml version="1.0" encoding="UTF-8" standalone="yes" ?>
<CodeBlocks_project_file>
	<FileVersion major="1" minor="6" />
	<Project>
		<Option title="bench" />
		<Option pch_mode="2" />
		<Option compiler="gcc" />
		<Build>
			<Target title="Debug">
				<Option output="bin/Debug/bench" prefix_auto="1" extension_auto="1" />
				<Option object_output="obj/Debug/" />
				<Option external_deps="../libwondergui.a;../wg_sdl/libwg_sdl.a;" />
				<Option type="1" />
				<Option compiler="gcc" />
				<Compiler>
					<Add option="-g" />
				</Compiler>
			</Target>
			<Target title="Release">
				<Option output="bin/Release/bench" prefix_auto="1" extension_auto="1" />
				<Option object_output="obj/Release/" />
				<Option external_deps="../libwondergui.a;../wg_sdl/libwg_sdl.a;" />
				<Option type="0" />
				<Option compiler="gcc" />
				<Compiler>
					<Add option="-O2" />
				</Compiler>
				<Linker>
					<Add option="-s" />
				</Linker>
			</Target>
		</Build>
		<Compiler>
			<Add option="-Wall" />
			<Add option="`sdl-config --cflags`" />
			<Add directory="../wg_sdl" />
			<Add directory="../include" />
		</Compiler>
		<Linker>
			<Add option="`sdl-config --libs`" />
			<Add library="../libwondergui.a" />
			<Add library="../wg_sdl/libwg_sdl.a" />
			<Add library="freetype" />
			<Add library="SDL_image" />
		</Linker>
		<Unit filename="main.cpp" />
		<Extensions>
			<code_completion />
			<envvars />
			<debugger />
			<lib_finder disable_auto="1" />
			<DoxyBlocks>
				<comment_style block="0" line="0" />
				<doxyfile_project />
				<doxyfile_build />
				<doxyfile_warnings />
				<doxyfile_output />
				<doxyfile_dot />
				<general />
			</DoxyBlocks>
		</Extensions>
	</Project>
</CodeBlocks_project_file>
