<?xml version="1.0" encoding="UTF-8" standalone="yes" ?>
<CodeBlocks_project_file>
	<FileVersion major="1" minor="6" />
	<Project>
		<Option title="bench" />
		<Option pch_mode="2" />
		<Option compiler="gcc" />
		<Build>
			<Target title="Debug">
				<Option output="bin/Debug/bench" prefix_auto="1" extension_auto="1" />
				<Option object_output="obj/Debug/" />
				<Option external_deps="../obj/Debug/libWonderGUI.a;../obj/Debug/libwg_sdl.a;" />
				<Option type="0" />
				<Option compiler="gcc" />
				<Compiler>
					<Add option="-g" />
				</Compiler>
				<Linker>
					<Add directory="../obj/Debug" />
				</Linker>
			</Target>
			<Target title="Release">
				<Option output="bin/Release/bench" prefix_auto="1" extension_auto="1" />
				<Option object_output="obj/Release/" />
				<Option type="0" />
				<Option compiler="gcc" />
				<Compiler>
					<Add option="-O2" />
				</Compiler>
				<Linker>
					<Add option="-s" />
					<Add directory="../obj/Release" />
				</Linker>
			</Target>
		</Build>
		<Compiler>
			<Add option="-Wall" />
			<Add option="`sdl-config --cflags`" />
			<Add directory="../include" />
			<Add directory="../wg_sdl" />
		</Compiler>
		<Linker>
			<Add option="`sdl-config --libs`" />
			<Add library="freetype" />
			<Add library="expat" />
			<Add library="wg_sdl" />
			<Add library="WonderGUI" />
		</Linker>
		<Unit filename="main.cpp" />
		<Extensions>
			<code_completion />
			<debugger>
				<search_path add="../include" />
				<search_path add="../wg_gl" />
				<search_path add="../wg_sdl" />
			</debugger>
			<envvars />
		</Extensions>
	</Project>
</CodeBlocks_project_file>
